
Microsoft Visual Studio Solution File, Format Version 12.00
Project("{FAE04EC0-301F-11D3-BF4B-00C04F79EFBC}") = "Punto2", "Punto2\Punto2.csproj", "{031DD549-9267-4483-8F83-4D6A77261ACF}"
EndProject
Global
	GlobalSection(SolutionConfigurationPlatforms) = preSolution
		Debug|Any CPU = Debug|Any CPU
		Release|Any CPU = Release|Any CPU
	EndGlobalSection
	GlobalSection(ProjectConfigurationPlatforms) = postSolution
		{031DD549-9267-4483-8F83-4D6A77261ACF}.Debug|Any CPU.ActiveCfg = Debug|Any CPU
		{031DD549-9267-4483-8F83-4D6A77261ACF}.Debug|Any CPU.Build.0 = Debug|Any CPU
		{031DD549-9267-4483-8F83-4D6A77261ACF}.Release|Any CPU.ActiveCfg = Release|Any CPU
		{031DD549-9267-4483-8F83-4D6A77261ACF}.Release|Any CPU.Build.0 = Release|Any CPU
	EndGlobalSection
EndGlobal
